
Microsoft Visual Studio Solution File, Format Version 11.00
# Visual Web Developer Express 2010
Project("{F184B08F-C81C-45F6-A57F-5ABD9991F28F}") = "prjC9JSLesson14-17", "prjC9JSLesson14-17\prjC9JSLesson14-17.vbproj", "{8602DBA5-EF40-4043-A3C4-446E01AFCB96}"
EndProject
Global
	GlobalSection(SolutionConfigurationPlatforms) = preSolution
		Debug|Any CPU = Debug|Any CPU
		Release|Any CPU = Release|Any CPU
	EndGlobalSection
	GlobalSection(ProjectConfigurationPlatforms) = postSolution
		{8602DBA5-EF40-4043-A3C4-446E01AFCB96}.Debug|Any CPU.ActiveCfg = Debug|Any CPU
		{8602DBA5-EF40-4043-A3C4-446E01AFCB96}.Debug|Any CPU.Build.0 = Debug|Any CPU
		{8602DBA5-EF40-4043-A3C4-446E01AFCB96}.Release|Any CPU.ActiveCfg = Release|Any CPU
		{8602DBA5-EF40-4043-A3C4-446E01AFCB96}.Release|Any CPU.Build.0 = Release|Any CPU
	EndGlobalSection
	GlobalSection(SolutionProperties) = preSolution
		HideSolutionNode = FALSE
	EndGlobalSection
EndGlobal
